
Microsoft Visual Studio Solution File, Format Version 12.00
# Visual Studio 2017
Project("{FAE04EC0-301F-11D3-BF4B-00C04F79EFBC}") = "YasushiV6.4.3 Backup With YasushiJump", "YasushiV6.4.3 Backup With YasushiJump.csproj", "{6C9713ED-38E7-E6B0-7FCA-A1638AAC8571}"
EndProject
Global
	GlobalSection(SolutionConfigurationPlatforms) = preSolution
		Debug|Any CPU = Debug|Any CPU
		Release|Any CPU = Release|Any CPU
	EndGlobalSection
	GlobalSection(ProjectConfigurationPlatforms) = postSolution
		{6C9713ED-38E7-E6B0-7FCA-A1638AAC8571}.Debug|Any CPU.ActiveCfg = Debug|Any CPU
		{6C9713ED-38E7-E6B0-7FCA-A1638AAC8571}.Debug|Any CPU.Build.0 = Debug|Any CPU
		{6C9713ED-38E7-E6B0-7FCA-A1638AAC8571}.Release|Any CPU.ActiveCfg = Release|Any CPU
		{6C9713ED-38E7-E6B0-7FCA-A1638AAC8571}.Release|Any CPU.Build.0 = Release|Any CPU
	EndGlobalSection
	GlobalSection(SolutionProperties) = preSolution
		HideSolutionNode = FALSE
	EndGlobalSection
EndGlobal
