
Microsoft Visual Studio Solution File, Format Version 12.00
# Visual Studio 2017
Project("{FAE04EC0-301F-11D3-BF4B-00C04F79EFBC}") = "YasushiV6.4.6", "YasushiV6.4.6.csproj", "{889223A0-E08F-F80B-D194-4B89B82467AA}"
EndProject
Global
	GlobalSection(SolutionConfigurationPlatforms) = preSolution
		Debug|Any CPU = Debug|Any CPU
		Release|Any CPU = Release|Any CPU
	EndGlobalSection
	GlobalSection(ProjectConfigurationPlatforms) = postSolution
		{889223A0-E08F-F80B-D194-4B89B82467AA}.Debug|Any CPU.ActiveCfg = Debug|Any CPU
		{889223A0-E08F-F80B-D194-4B89B82467AA}.Debug|Any CPU.Build.0 = Debug|Any CPU
		{889223A0-E08F-F80B-D194-4B89B82467AA}.Release|Any CPU.ActiveCfg = Release|Any CPU
		{889223A0-E08F-F80B-D194-4B89B82467AA}.Release|Any CPU.Build.0 = Release|Any CPU
	EndGlobalSection
	GlobalSection(SolutionProperties) = preSolution
		HideSolutionNode = FALSE
	EndGlobalSection
EndGlobal
