
Microsoft Visual Studio Solution File, Format Version 11.00
# Visual Studio 2010
Project("{FAE04EC0-301F-11D3-BF4B-00C04F79EFBC}") = "YasushiV7.3.3", "Assembly-CSharp.csproj", "{8389C00B-5FE5-4E51-DA2A-0D1B13718895}"
EndProject
Global
	GlobalSection(SolutionConfigurationPlatforms) = preSolution
		Debug|Any CPU = Debug|Any CPU
		Release|Any CPU = Release|Any CPU
	EndGlobalSection
	GlobalSection(ProjectConfigurationPlatforms) = postSolution
		{8389C00B-5FE5-4E51-DA2A-0D1B13718895}.Debug|Any CPU.ActiveCfg = Debug|Any CPU
		{8389C00B-5FE5-4E51-DA2A-0D1B13718895}.Debug|Any CPU.Build.0 = Debug|Any CPU
		{8389C00B-5FE5-4E51-DA2A-0D1B13718895}.Release|Any CPU.ActiveCfg = Release|Any CPU
		{8389C00B-5FE5-4E51-DA2A-0D1B13718895}.Release|Any CPU.Build.0 = Release|Any CPU
	EndGlobalSection
	GlobalSection(SolutionProperties) = preSolution
		HideSolutionNode = FALSE
	EndGlobalSection
	GlobalSection(MonoDevelopProperties) = preSolution
		StartupItem = Assembly-CSharp.csproj
	EndGlobalSection
EndGlobal
