
Microsoft Visual Studio Solution File, Format Version 12.00
# Visual Studio 2017
Project("{FAE04EC0-301F-11D3-BF4B-00C04F79EFBC}") = "YasushiV7.2.6", "YasushiV7.2.6.csproj", "{2591F128-80C9-95BC-0A5C-239E3FB24A1C}"
EndProject
Global
	GlobalSection(SolutionConfigurationPlatforms) = preSolution
		Debug|Any CPU = Debug|Any CPU
		Release|Any CPU = Release|Any CPU
	EndGlobalSection
	GlobalSection(ProjectConfigurationPlatforms) = postSolution
		{2591F128-80C9-95BC-0A5C-239E3FB24A1C}.Debug|Any CPU.ActiveCfg = Debug|Any CPU
		{2591F128-80C9-95BC-0A5C-239E3FB24A1C}.Debug|Any CPU.Build.0 = Debug|Any CPU
		{2591F128-80C9-95BC-0A5C-239E3FB24A1C}.Release|Any CPU.ActiveCfg = Release|Any CPU
		{2591F128-80C9-95BC-0A5C-239E3FB24A1C}.Release|Any CPU.Build.0 = Release|Any CPU
	EndGlobalSection
	GlobalSection(SolutionProperties) = preSolution
		HideSolutionNode = FALSE
	EndGlobalSection
EndGlobal
