
Microsoft Visual Studio Solution File, Format Version 12.00
# Visual Studio 2017
Project("{FAE04EC0-301F-11D3-BF4B-00C04F79EFBC}") = "YasushiV6.4.1", "YasushiV6.4.1.csproj", "{07D22A2C-EA85-1086-ADDD-F2AF356484DB}"
EndProject
Global
	GlobalSection(SolutionConfigurationPlatforms) = preSolution
		Debug|Any CPU = Debug|Any CPU
		Release|Any CPU = Release|Any CPU
	EndGlobalSection
	GlobalSection(ProjectConfigurationPlatforms) = postSolution
		{07D22A2C-EA85-1086-ADDD-F2AF356484DB}.Debug|Any CPU.ActiveCfg = Debug|Any CPU
		{07D22A2C-EA85-1086-ADDD-F2AF356484DB}.Debug|Any CPU.Build.0 = Debug|Any CPU
		{07D22A2C-EA85-1086-ADDD-F2AF356484DB}.Release|Any CPU.ActiveCfg = Release|Any CPU
		{07D22A2C-EA85-1086-ADDD-F2AF356484DB}.Release|Any CPU.Build.0 = Release|Any CPU
	EndGlobalSection
	GlobalSection(SolutionProperties) = preSolution
		HideSolutionNode = FALSE
	EndGlobalSection
EndGlobal
