
Microsoft Visual Studio Solution File, Format Version 12.00
# Visual Studio 2017
Project("{FAE04EC0-301F-11D3-BF4B-00C04F79EFBC}") = "YasushiV6.4.7", "YasushiV6.4.7.csproj", "{36C73152-4EF6-79BD-C097-0A1C336488A8}"
EndProject
Global
	GlobalSection(SolutionConfigurationPlatforms) = preSolution
		Debug|Any CPU = Debug|Any CPU
		Release|Any CPU = Release|Any CPU
	EndGlobalSection
	GlobalSection(ProjectConfigurationPlatforms) = postSolution
		{36C73152-4EF6-79BD-C097-0A1C336488A8}.Debug|Any CPU.ActiveCfg = Debug|Any CPU
		{36C73152-4EF6-79BD-C097-0A1C336488A8}.Debug|Any CPU.Build.0 = Debug|Any CPU
		{36C73152-4EF6-79BD-C097-0A1C336488A8}.Release|Any CPU.ActiveCfg = Release|Any CPU
		{36C73152-4EF6-79BD-C097-0A1C336488A8}.Release|Any CPU.Build.0 = Release|Any CPU
	EndGlobalSection
	GlobalSection(SolutionProperties) = preSolution
		HideSolutionNode = FALSE
	EndGlobalSection
EndGlobal
