
Microsoft Visual Studio Solution File, Format Version 11.00
# Visual Studio 2010
Project("{FAE04EC0-301F-11D3-BF4B-00C04F79EFBC}") = "YasushiV7.2.1 (Fixed FX)", "Assembly-CSharp.csproj", "{552178C2-38CC-BA1B-FCF3-C1D5E91F7962}"
EndProject
Global
	GlobalSection(SolutionConfigurationPlatforms) = preSolution
		Debug|Any CPU = Debug|Any CPU
		Release|Any CPU = Release|Any CPU
	EndGlobalSection
	GlobalSection(ProjectConfigurationPlatforms) = postSolution
		{552178C2-38CC-BA1B-FCF3-C1D5E91F7962}.Debug|Any CPU.ActiveCfg = Debug|Any CPU
		{552178C2-38CC-BA1B-FCF3-C1D5E91F7962}.Debug|Any CPU.Build.0 = Debug|Any CPU
		{552178C2-38CC-BA1B-FCF3-C1D5E91F7962}.Release|Any CPU.ActiveCfg = Release|Any CPU
		{552178C2-38CC-BA1B-FCF3-C1D5E91F7962}.Release|Any CPU.Build.0 = Release|Any CPU
	EndGlobalSection
	GlobalSection(SolutionProperties) = preSolution
		HideSolutionNode = FALSE
	EndGlobalSection
	GlobalSection(MonoDevelopProperties) = preSolution
		StartupItem = Assembly-CSharp.csproj
	EndGlobalSection
EndGlobal
