
Microsoft Visual Studio Solution File, Format Version 12.00
# Visual Studio 2017
Project("{FAE04EC0-301F-11D3-BF4B-00C04F79EFBC}") = "YasushiV7.3.5", "YasushiV7.3.5.csproj", "{002436A2-BA6D-6CD5-035C-2DE9942FB1D4}"
EndProject
Project("{FAE04EC0-301F-11D3-BF4B-00C04F79EFBC}") = "YasushiV7.3.5.Plugins", "YasushiV7.3.5.Plugins.csproj", "{9AC46084-67E4-3851-5953-D70B8CBD9D56}"
EndProject
Global
	GlobalSection(SolutionConfigurationPlatforms) = preSolution
		Debug|Any CPU = Debug|Any CPU
		Release|Any CPU = Release|Any CPU
	EndGlobalSection
	GlobalSection(ProjectConfigurationPlatforms) = postSolution
		{002436A2-BA6D-6CD5-035C-2DE9942FB1D4}.Debug|Any CPU.ActiveCfg = Debug|Any CPU
		{002436A2-BA6D-6CD5-035C-2DE9942FB1D4}.Debug|Any CPU.Build.0 = Debug|Any CPU
		{002436A2-BA6D-6CD5-035C-2DE9942FB1D4}.Release|Any CPU.ActiveCfg = Release|Any CPU
		{002436A2-BA6D-6CD5-035C-2DE9942FB1D4}.Release|Any CPU.Build.0 = Release|Any CPU
		{9AC46084-67E4-3851-5953-D70B8CBD9D56}.Debug|Any CPU.ActiveCfg = Debug|Any CPU
		{9AC46084-67E4-3851-5953-D70B8CBD9D56}.Debug|Any CPU.Build.0 = Debug|Any CPU
		{9AC46084-67E4-3851-5953-D70B8CBD9D56}.Release|Any CPU.ActiveCfg = Release|Any CPU
		{9AC46084-67E4-3851-5953-D70B8CBD9D56}.Release|Any CPU.Build.0 = Release|Any CPU
	EndGlobalSection
	GlobalSection(SolutionProperties) = preSolution
		HideSolutionNode = FALSE
	EndGlobalSection
EndGlobal
